
Microsoft Visual Studio Solution File, Format Version 12.00
# Visual Studio 14
VisualStudioVersion = 14.0.25420.1
MinimumVisualStudioVersion = 10.0.40219.1
Project("{2150E333-8FDC-42A3-9474-1A3956D46DE8}") = "src", "src", "{88169E16-5282-4D24-BA75-032CDC2C6BD6}"
EndProject
Project("{2150E333-8FDC-42A3-9474-1A3956D46DE8}") = "Solution Items", "Solution Items", "{6C88F775-2891-457D-9159-CF319C98E458}"
	ProjectSection(SolutionItems) = preProject
		global.json = global.json
	EndProjectSection
EndProject
Project("{8BB2217D-0F2D-49D1-97BC-3654ED321F3B}") = "TestPDF", "src\TestPDF\TestPDF.xproj", "{A74D9A73-0D4B-45C6-9726-77CDBDCAB4D4}"
EndProject
Global
	GlobalSection(SolutionConfigurationPlatforms) = preSolution
		Debug|Any CPU = Debug|Any CPU
		Release|Any CPU = Release|Any CPU
	EndGlobalSection
	GlobalSection(ProjectConfigurationPlatforms) = postSolution
		{A74D9A73-0D4B-45C6-9726-77CDBDCAB4D4}.Debug|Any CPU.ActiveCfg = Debug|Any CPU
		{A74D9A73-0D4B-45C6-9726-77CDBDCAB4D4}.Debug|Any CPU.Build.0 = Debug|Any CPU
		{A74D9A73-0D4B-45C6-9726-77CDBDCAB4D4}.Release|Any CPU.ActiveCfg = Release|Any CPU
		{A74D9A73-0D4B-45C6-9726-77CDBDCAB4D4}.Release|Any CPU.Build.0 = Release|Any CPU
	EndGlobalSection
	GlobalSection(SolutionProperties) = preSolution
		HideSolutionNode = FALSE
	EndGlobalSection
	GlobalSection(NestedProjects) = preSolution
		{A74D9A73-0D4B-45C6-9726-77CDBDCAB4D4} = {88169E16-5282-4D24-BA75-032CDC2C6BD6}
	EndGlobalSection
EndGlobal
